
Microsoft Visual Studio Solution File, Format Version 12.00
# Visual Studio Version 17
VisualStudioVersion = 17.0.31903.59
MinimumVisualStudioVersion = 10.0.40219.1
Project("{FAE04EC0-301F-11D3-BF4B-00C04F79EFBC}") = "Interview.ApplicationCore", "Interview.ApplicationCore\Interview.ApplicationCore.csproj", "{0E537B3C-306D-4068-8D22-DCA027B9C188}"
EndProject
Project("{FAE04EC0-301F-11D3-BF4B-00C04F79EFBC}") = "Interview.Infrastructure", "Interview.Infrastructure\Interview.Infrastructure.csproj", "{879F7701-C953-47ED-921A-B22AB4A0E52C}"
EndProject
Project("{FAE04EC0-301F-11D3-BF4B-00C04F79EFBC}") = "Onboarding.ApplicationCore", "Onboarding.ApplicationCore\Onboarding.ApplicationCore.csproj", "{0313F116-9BB9-4F62-B245-7AFECC6E9BE4}"
EndProject
Project("{FAE04EC0-301F-11D3-BF4B-00C04F79EFBC}") = "Onboarding.Infrastructure", "Onboarding.Infrastructure\Onboarding.Infrastructure.csproj", "{56D902BA-1C51-4D7C-B4FD-3DFCFDD07263}"
EndProject
Project("{FAE04EC0-301F-11D3-BF4B-00C04F79EFBC}") = "Recruiting.ApplicationCore", "Recruiting.ApplicationCore\Recruiting.ApplicationCore.csproj", "{F89D6ACA-BE63-4B80-B60A-6039FEDE4BF0}"
EndProject
Project("{FAE04EC0-301F-11D3-BF4B-00C04F79EFBC}") = "Recruiting.Infrastructure", "Recruiting.Infrastructure\Recruiting.Infrastructure.csproj", "{79B7CFE6-EB90-4F32-A5E9-51102F0EE663}"
EndProject
Project("{FAE04EC0-301F-11D3-BF4B-00C04F79EFBC}") = "OnboardingAPI", "OnboardingAPI\OnboardingAPI.csproj", "{ACA0657A-30C6-47E2-BA14-AD4D2CFD8878}"
EndProject
Project("{FAE04EC0-301F-11D3-BF4B-00C04F79EFBC}") = "interviewWebApi", "interviewWebApi\interviewWebApi.csproj", "{B1F1B26E-1F57-43A7-8C32-C0A5FD3A8138}"
EndProject
Project("{FAE04EC0-301F-11D3-BF4B-00C04F79EFBC}") = "JWTAuthenticationManager", "JWTAuthenticationManager\JWTAuthenticationManager.csproj", "{D610028C-8679-4760-9AD6-FC8D689D774A}"
EndProject
Project("{FAE04EC0-301F-11D3-BF4B-00C04F79EFBC}") = "AuthenticationAPI", "AuthenticationAPI\AuthenticationAPI.csproj", "{F40646A3-2A84-4D13-94BD-C7921716FB90}"
EndProject
Project("{FAE04EC0-301F-11D3-BF4B-00C04F79EFBC}") = "RecruitingWebApi", "RecruitingWebApi\RecruitingWebApi.csproj", "{71DA831A-5679-4A0E-B13B-0E14C8DEFD13}"
EndProject
Global
	GlobalSection(SolutionConfigurationPlatforms) = preSolution
		Debug|Any CPU = Debug|Any CPU
		Release|Any CPU = Release|Any CPU
	EndGlobalSection
	GlobalSection(SolutionProperties) = preSolution
		HideSolutionNode = FALSE
	EndGlobalSection
	GlobalSection(ProjectConfigurationPlatforms) = postSolution
		{0E537B3C-306D-4068-8D22-DCA027B9C188}.Debug|Any CPU.ActiveCfg = Debug|Any CPU
		{0E537B3C-306D-4068-8D22-DCA027B9C188}.Debug|Any CPU.Build.0 = Debug|Any CPU
		{0E537B3C-306D-4068-8D22-DCA027B9C188}.Release|Any CPU.ActiveCfg = Release|Any CPU
		{0E537B3C-306D-4068-8D22-DCA027B9C188}.Release|Any CPU.Build.0 = Release|Any CPU
		{879F7701-C953-47ED-921A-B22AB4A0E52C}.Debug|Any CPU.ActiveCfg = Debug|Any CPU
		{879F7701-C953-47ED-921A-B22AB4A0E52C}.Debug|Any CPU.Build.0 = Debug|Any CPU
		{879F7701-C953-47ED-921A-B22AB4A0E52C}.Release|Any CPU.ActiveCfg = Release|Any CPU
		{879F7701-C953-47ED-921A-B22AB4A0E52C}.Release|Any CPU.Build.0 = Release|Any CPU
		{0313F116-9BB9-4F62-B245-7AFECC6E9BE4}.Debug|Any CPU.ActiveCfg = Debug|Any CPU
		{0313F116-9BB9-4F62-B245-7AFECC6E9BE4}.Debug|Any CPU.Build.0 = Debug|Any CPU
		{0313F116-9BB9-4F62-B245-7AFECC6E9BE4}.Release|Any CPU.ActiveCfg = Release|Any CPU
		{0313F116-9BB9-4F62-B245-7AFECC6E9BE4}.Release|Any CPU.Build.0 = Release|Any CPU
		{56D902BA-1C51-4D7C-B4FD-3DFCFDD07263}.Debug|Any CPU.ActiveCfg = Debug|Any CPU
		{56D902BA-1C51-4D7C-B4FD-3DFCFDD07263}.Debug|Any CPU.Build.0 = Debug|Any CPU
		{56D902BA-1C51-4D7C-B4FD-3DFCFDD07263}.Release|Any CPU.ActiveCfg = Release|Any CPU
		{56D902BA-1C51-4D7C-B4FD-3DFCFDD07263}.Release|Any CPU.Build.0 = Release|Any CPU
		{F89D6ACA-BE63-4B80-B60A-6039FEDE4BF0}.Debug|Any CPU.ActiveCfg = Debug|Any CPU
		{F89D6ACA-BE63-4B80-B60A-6039FEDE4BF0}.Debug|Any CPU.Build.0 = Debug|Any CPU
		{F89D6ACA-BE63-4B80-B60A-6039FEDE4BF0}.Release|Any CPU.ActiveCfg = Release|Any CPU
		{F89D6ACA-BE63-4B80-B60A-6039FEDE4BF0}.Release|Any CPU.Build.0 = Release|Any CPU
		{79B7CFE6-EB90-4F32-A5E9-51102F0EE663}.Debug|Any CPU.ActiveCfg = Debug|Any CPU
		{79B7CFE6-EB90-4F32-A5E9-51102F0EE663}.Debug|Any CPU.Build.0 = Debug|Any CPU
		{79B7CFE6-EB90-4F32-A5E9-51102F0EE663}.Release|Any CPU.ActiveCfg = Release|Any CPU
		{79B7CFE6-EB90-4F32-A5E9-51102F0EE663}.Release|Any CPU.Build.0 = Release|Any CPU
		{ACA0657A-30C6-47E2-BA14-AD4D2CFD8878}.Debug|Any CPU.ActiveCfg = Debug|Any CPU
		{ACA0657A-30C6-47E2-BA14-AD4D2CFD8878}.Debug|Any CPU.Build.0 = Debug|Any CPU
		{ACA0657A-30C6-47E2-BA14-AD4D2CFD8878}.Release|Any CPU.ActiveCfg = Release|Any CPU
		{ACA0657A-30C6-47E2-BA14-AD4D2CFD8878}.Release|Any CPU.Build.0 = Release|Any CPU
		{B1F1B26E-1F57-43A7-8C32-C0A5FD3A8138}.Debug|Any CPU.ActiveCfg = Debug|Any CPU
		{B1F1B26E-1F57-43A7-8C32-C0A5FD3A8138}.Debug|Any CPU.Build.0 = Debug|Any CPU
		{B1F1B26E-1F57-43A7-8C32-C0A5FD3A8138}.Release|Any CPU.ActiveCfg = Release|Any CPU
		{B1F1B26E-1F57-43A7-8C32-C0A5FD3A8138}.Release|Any CPU.Build.0 = Release|Any CPU
		{D610028C-8679-4760-9AD6-FC8D689D774A}.Debug|Any CPU.ActiveCfg = Debug|Any CPU
		{D610028C-8679-4760-9AD6-FC8D689D774A}.Debug|Any CPU.Build.0 = Debug|Any CPU
		{D610028C-8679-4760-9AD6-FC8D689D774A}.Release|Any CPU.ActiveCfg = Release|Any CPU
		{D610028C-8679-4760-9AD6-FC8D689D774A}.Release|Any CPU.Build.0 = Release|Any CPU
		{F40646A3-2A84-4D13-94BD-C7921716FB90}.Debug|Any CPU.ActiveCfg = Debug|Any CPU
		{F40646A3-2A84-4D13-94BD-C7921716FB90}.Debug|Any CPU.Build.0 = Debug|Any CPU
		{F40646A3-2A84-4D13-94BD-C7921716FB90}.Release|Any CPU.ActiveCfg = Release|Any CPU
		{F40646A3-2A84-4D13-94BD-C7921716FB90}.Release|Any CPU.Build.0 = Release|Any CPU
		{71DA831A-5679-4A0E-B13B-0E14C8DEFD13}.Debug|Any CPU.ActiveCfg = Debug|Any CPU
		{71DA831A-5679-4A0E-B13B-0E14C8DEFD13}.Debug|Any CPU.Build.0 = Debug|Any CPU
		{71DA831A-5679-4A0E-B13B-0E14C8DEFD13}.Release|Any CPU.ActiveCfg = Release|Any CPU
		{71DA831A-5679-4A0E-B13B-0E14C8DEFD13}.Release|Any CPU.Build.0 = Release|Any CPU
	EndGlobalSection
EndGlobal
